
Microsoft Visual Studio Solution File, Format Version 12.00
Project("{FAE04EC0-301F-11D3-BF4B-00C04F79EFBC}") = "CrackHashManager", "CrackHashManager\CrackHashManager.csproj", "{D9EAE0A9-F635-407F-A394-B4CF9EF235AD}"
EndProject
Global
	GlobalSection(SolutionConfigurationPlatforms) = preSolution
		Debug|Any CPU = Debug|Any CPU
		Release|Any CPU = Release|Any CPU
	EndGlobalSection
	GlobalSection(ProjectConfigurationPlatforms) = postSolution
		{D9EAE0A9-F635-407F-A394-B4CF9EF235AD}.Debug|Any CPU.ActiveCfg = Debug|Any CPU
		{D9EAE0A9-F635-407F-A394-B4CF9EF235AD}.Debug|Any CPU.Build.0 = Debug|Any CPU
		{D9EAE0A9-F635-407F-A394-B4CF9EF235AD}.Release|Any CPU.ActiveCfg = Release|Any CPU
		{D9EAE0A9-F635-407F-A394-B4CF9EF235AD}.Release|Any CPU.Build.0 = Release|Any CPU
	EndGlobalSection
EndGlobal
